// !$*UTF8*$!
{
	archiveVersion = 1;
	classes = {
	};
	objectVersion = 48;
	objects = {

/* Begin PBXBuildFile section */
		27CFA6D31F8A05430072DDD9 /* Car.swift in Sources */ = {isa = PBXBuildFile; fileRef = 27CFA6D21F8A05430072DDD9 /* Car.swift */; };
		27CFA6D51F8A16360072DDD9 /* Toyota AR in Resources */ = {isa = PBXBuildFile; fileRef = 27CFA6D41F8A16360072DDD9 /* Toyota AR */; };
		7AA18EAA1F8939400028D872 /* AppDelegate.swift in Sources */ = {isa = PBXBuildFile; fileRef = 7AA18EA91F8939400028D872 /* AppDelegate.swift */; };
		7AA18EAC1F8939400028D872 /* ViewController.swift in Sources */ = {isa = PBXBuildFile; fileRef = 7AA18EAB1F8939400028D872 /* ViewController.swift */; };
		7AA18EAF1F8939400028D872 /* Main.storyboard in Resources */ = {isa = PBXBuildFile; fileRef = 7AA18EAD1F8939400028D872 /* Main.storyboard */; };
		7AA18EB21F8939400028D872 /* ToyotaAdvancedRetail.xcdatamodeld in Sources */ = {isa = PBXBuildFile; fileRef = 7AA18EB01F8939400028D872 /* ToyotaAdvancedRetail.xcdatamodeld */; };
		7AA18EB41F8939400028D872 /* Assets.xcassets in Resources */ = {isa = PBXBuildFile; fileRef = 7AA18EB31F8939400028D872 /* Assets.xcassets */; };
		7AA18EB71F8939400028D872 /* LaunchScreen.storyboard in Resources */ = {isa = PBXBuildFile; fileRef = 7AA18EB51F8939400028D872 /* LaunchScreen.storyboard */; };
/* End PBXBuildFile section */

/* Begin PBXContainerItemProxy section */
		27CFA6E91F8A18690072DDD9 /* PBXContainerItemProxy */ = {
			isa = PBXContainerItemProxy;
			containerPortal = 27CFA6E51F8A18690072DDD9 /* ToyotaAdvancedRetail.xcodeproj */;
			proxyType = 2;
			remoteGlobalIDString = 7AA18EA61F8939400028D872;
			remoteInfo = ToyotaAdvancedRetail;
		};
/* End PBXContainerItemProxy section */

/* Begin PBXFileReference section */
		27CFA6D21F8A05430072DDD9 /* Car.swift */ = {isa = PBXFileReference; lastKnownFileType = sourcecode.swift; path = Car.swift; sourceTree = "<group>"; };
		27CFA6D41F8A16360072DDD9 /* Toyota AR */ = {isa = PBXFileReference; lastKnownFileType = folder; name = "Toyota AR"; path = "../../Downloads/Toyota AR"; sourceTree = "<group>"; };
		27CFA6D81F8A18690072DDD9 /* AppDelegate.swift */ = {isa = PBXFileReference; lastKnownFileType = sourcecode.swift; path = AppDelegate.swift; sourceTree = "<group>"; };
		27CFA6D91F8A18690072DDD9 /* Assets.xcassets */ = {isa = PBXFileReference; lastKnownFileType = folder.assetcatalog; path = Assets.xcassets; sourceTree = "<group>"; };
		27CFA6DB1F8A18690072DDD9 /* Base */ = {isa = PBXFileReference; lastKnownFileType = file.storyboard; name = Base; path = Base.lproj/LaunchScreen.storyboard; sourceTree = "<group>"; };
		27CFA6DD1F8A18690072DDD9 /* Base */ = {isa = PBXFileReference; lastKnownFileType = file.storyboard; name = Base; path = Base.lproj/Main.storyboard; sourceTree = "<group>"; };
		27CFA6DE1F8A18690072DDD9 /* CamryViewController.swift */ = {isa = PBXFileReference; lastKnownFileType = sourcecode.swift; path = CamryViewController.swift; sourceTree = "<group>"; };
		27CFA6DF1F8A18690072DDD9 /* Customize2ViewController.swift */ = {isa = PBXFileReference; lastKnownFileType = sourcecode.swift; path = Customize2ViewController.swift; sourceTree = "<group>"; };
		27CFA6E01F8A18690072DDD9 /* CustomizeViewController.swift */ = {isa = PBXFileReference; lastKnownFileType = sourcecode.swift; path = CustomizeViewController.swift; sourceTree = "<group>"; };
		27CFA6E11F8A18690072DDD9 /* Info.plist */ = {isa = PBXFileReference; lastKnownFileType = text.plist.xml; path = Info.plist; sourceTree = "<group>"; };
		27CFA6E31F8A18690072DDD9 /* ToyotaAdvancedRetail.xcdatamodel */ = {isa = PBXFileReference; lastKnownFileType = wrapper.xcdatamodel; path = ToyotaAdvancedRetail.xcdatamodel; sourceTree = "<group>"; };
		27CFA6E41F8A18690072DDD9 /* ViewController.swift */ = {isa = PBXFileReference; lastKnownFileType = sourcecode.swift; path = ViewController.swift; sourceTree = "<group>"; };
		27CFA6E51F8A18690072DDD9 /* ToyotaAdvancedRetail.xcodeproj */ = {isa = PBXFileReference; lastKnownFileType = "wrapper.pb-project"; path = ToyotaAdvancedRetail.xcodeproj; sourceTree = "<group>"; };
		7AA18EA61F8939400028D872 /* ToyotaAdvancedRetail.app */ = {isa = PBXFileReference; explicitFileType = wrapper.application; includeInIndex = 0; path = ToyotaAdvancedRetail.app; sourceTree = BUILT_PRODUCTS_DIR; };
		7AA18EA91F8939400028D872 /* AppDelegate.swift */ = {isa = PBXFileReference; lastKnownFileType = sourcecode.swift; path = AppDelegate.swift; sourceTree = "<group>"; };
		7AA18EAB1F8939400028D872 /* ViewController.swift */ = {isa = PBXFileReference; lastKnownFileType = sourcecode.swift; path = ViewController.swift; sourceTree = "<group>"; };
		7AA18EAE1F8939400028D872 /* Base */ = {isa = PBXFileReference; lastKnownFileType = file.storyboard; name = Base; path = Base.lproj/Main.storyboard; sourceTree = "<group>"; };
		7AA18EB11F8939400028D872 /* ToyotaAdvancedRetail.xcdatamodel */ = {isa = PBXFileReference; lastKnownFileType = wrapper.xcdatamodel; path = ToyotaAdvancedRetail.xcdatamodel; sourceTree = "<group>"; };
		7AA18EB31F8939400028D872 /* Assets.xcassets */ = {isa = PBXFileReference; lastKnownFileType = folder.assetcatalog; path = Assets.xcassets; sourceTree = "<group>"; };
		7AA18EB61F8939400028D872 /* Base */ = {isa = PBXFileReference; lastKnownFileType = file.storyboard; name = Base; path = Base.lproj/LaunchScreen.storyboard; sourceTree = "<group>"; };
		7AA18EB81F8939400028D872 /* Info.plist */ = {isa = PBXFileReference; lastKnownFileType = text.plist.xml; path = Info.plist; sourceTree = "<group>"; };
/* End PBXFileReference section */

/* Begin PBXFrameworksBuildPhase section */
		7AA18EA31F8939400028D872 /* Frameworks */ = {
			isa = PBXFrameworksBuildPhase;
			buildActionMask = 2147483647;
			files = (
			);
			runOnlyForDeploymentPostprocessing = 0;
		};
/* End PBXFrameworksBuildPhase section */

/* Begin PBXGroup section */
		27CFA6D61F8A18690072DDD9 /* Toyota AR */ = {
			isa = PBXGroup;
			children = (
				27CFA6D71F8A18690072DDD9 /* ToyotaAdvancedRetail */,
				27CFA6E51F8A18690072DDD9 /* ToyotaAdvancedRetail.xcodeproj */,
			);
			name = "Toyota AR";
			path = "../Downloads/Toyota AR";
			sourceTree = "<group>";
		};
		27CFA6D71F8A18690072DDD9 /* ToyotaAdvancedRetail */ = {
			isa = PBXGroup;
			children = (
				27CFA6D81F8A18690072DDD9 /* AppDelegate.swift */,
				27CFA6D91F8A18690072DDD9 /* Assets.xcassets */,
				27CFA6DA1F8A18690072DDD9 /* LaunchScreen.storyboard */,
				27CFA6DC1F8A18690072DDD9 /* Main.storyboard */,
				27CFA6DE1F8A18690072DDD9 /* CamryViewController.swift */,
				27CFA6DF1F8A18690072DDD9 /* Customize2ViewController.swift */,
				27CFA6E01F8A18690072DDD9 /* CustomizeViewController.swift */,
				27CFA6E11F8A18690072DDD9 /* Info.plist */,
				27CFA6E21F8A18690072DDD9 /* ToyotaAdvancedRetail.xcdatamodeld */,
				27CFA6E41F8A18690072DDD9 /* ViewController.swift */,
			);
			path = ToyotaAdvancedRetail;
			sourceTree = "<group>";
		};
		27CFA6E61F8A18690072DDD9 /* Products */ = {
			isa = PBXGroup;
			children = (
				27CFA6EA1F8A18690072DDD9 /* ToyotaAdvancedRetail.app */,
			);
			name = Products;
			sourceTree = "<group>";
		};
		7AA18E9D1F8939400028D872 = {
			isa = PBXGroup;
			children = (
				7AA18EA81F8939400028D872 /* ToyotaAdvancedRetail */,
				27CFA6D61F8A18690072DDD9 /* Toyota AR */,
				7AA18EA71F8939400028D872 /* Products */,
			);
			sourceTree = "<group>";
		};
		7AA18EA71F8939400028D872 /* Products */ = {
			isa = PBXGroup;
			children = (
				7AA18EA61F8939400028D872 /* ToyotaAdvancedRetail.app */,
			);
			name = Products;
			sourceTree = "<group>";
		};
		7AA18EA81F8939400028D872 /* ToyotaAdvancedRetail */ = {
			isa = PBXGroup;
			children = (
				7AA18EA91F8939400028D872 /* AppDelegate.swift */,
				7AA18EAB1F8939400028D872 /* ViewController.swift */,
				27CFA6D41F8A16360072DDD9 /* Toyota AR */,
				27CFA6D21F8A05430072DDD9 /* Car.swift */,
				7AA18EAD1F8939400028D872 /* Main.storyboard */,
				7AA18EB31F8939400028D872 /* Assets.xcassets */,
				7AA18EB51F8939400028D872 /* LaunchScreen.storyboard */,
				7AA18EB81F8939400028D872 /* Info.plist */,
				7AA18EB01F8939400028D872 /* ToyotaAdvancedRetail.xcdatamodeld */,
			);
			path = ToyotaAdvancedRetail;
			sourceTree = "<group>";
		};
/* End PBXGroup section */

/* Begin PBXNativeTarget section */
		7AA18EA51F8939400028D872 /* ToyotaAdvancedRetail */ = {
			isa = PBXNativeTarget;
			buildConfigurationList = 7AA18EBB1F8939400028D872 /* Build configuration list for PBXNativeTarget "ToyotaAdvancedRetail" */;
			buildPhases = (
				7AA18EA21F8939400028D872 /* Sources */,
				7AA18EA31F8939400028D872 /* Frameworks */,
				7AA18EA41F8939400028D872 /* Resources */,
			);
			buildRules = (
			);
			dependencies = (
			);
			name = ToyotaAdvancedRetail;
			productName = ToyotaAdvancedRetail;
			productReference = 7AA18EA61F8939400028D872 /* ToyotaAdvancedRetail.app */;
			productType = "com.apple.product-type.application";
		};
/* End PBXNativeTarget section */

/* Begin PBXProject section */
		7AA18E9E1F8939400028D872 /* Project object */ = {
			isa = PBXProject;
			attributes = {
				LastSwiftUpdateCheck = 0900;
				LastUpgradeCheck = 0900;
				ORGANIZATIONNAME = hackathonbe;
				TargetAttributes = {
					7AA18EA51F8939400028D872 = {
						CreatedOnToolsVersion = 9.0;
						ProvisioningStyle = Automatic;
					};
				};
			};
			buildConfigurationList = 7AA18EA11F8939400028D872 /* Build configuration list for PBXProject "ToyotaAdvancedRetail" */;
			compatibilityVersion = "Xcode 8.0";
			developmentRegion = en;
			hasScannedForEncodings = 0;
			knownRegions = (
				en,
				Base,
			);
			mainGroup = 7AA18E9D1F8939400028D872;
			productRefGroup = 7AA18EA71F8939400028D872 /* Products */;
			projectDirPath = "";
			projectReferences = (
				{
					ProductGroup = 27CFA6E61F8A18690072DDD9 /* Products */;
					ProjectRef = 27CFA6E51F8A18690072DDD9 /* ToyotaAdvancedRetail.xcodeproj */;
				},
			);
			projectRoot = "";
			targets = (
				7AA18EA51F8939400028D872 /* ToyotaAdvancedRetail */,
			);
		};
/* End PBXProject section */

/* Begin PBXReferenceProxy section */
		27CFA6EA1F8A18690072DDD9 /* ToyotaAdvancedRetail.app */ = {
			isa = PBXReferenceProxy;
			fileType = wrapper.application;
			path = ToyotaAdvancedRetail.app;
			remoteRef = 27CFA6E91F8A18690072DDD9 /* PBXContainerItemProxy */;
			sourceTree = BUILT_PRODUCTS_DIR;
		};
/* End PBXReferenceProxy section */

/* Begin PBXResourcesBuildPhase section */
		7AA18EA41F8939400028D872 /* Resources */ = {
			isa = PBXResourcesBuildPhase;
			buildActionMask = 2147483647;
			files = (
				27CFA6D51F8A16360072DDD9 /* Toyota AR in Resources */,
				7AA18EB71F8939400028D872 /* LaunchScreen.storyboard in Resources */,
				7AA18EB41F8939400028D872 /* Assets.xcassets in Resources */,
				7AA18EAF1F8939400028D872 /* Main.storyboard in Resources */,
			);
			runOnlyForDeploymentPostprocessing = 0;
		};
/* End PBXResourcesBuildPhase section */

/* Begin PBXSourcesBuildPhase section */
		7AA18EA21F8939400028D872 /* Sources */ = {
			isa = PBXSourcesBuildPhase;
			buildActionMask = 2147483647;
			files = (
				7AA18EAC1F8939400028D872 /* ViewController.swift in Sources */,
				7AA18EAA1F8939400028D872 /* AppDelegate.swift in Sources */,
				27CFA6D31F8A05430072DDD9 /* Car.swift in Sources */,
				7AA18EB21F8939400028D872 /* ToyotaAdvancedRetail.xcdatamodeld in Sources */,
			);
			runOnlyForDeploymentPostprocessing = 0;
		};
/* End PBXSourcesBuildPhase section */

/* Begin PBXVariantGroup section */
		27CFA6DA1F8A18690072DDD9 /* LaunchScreen.storyboard */ = {
			isa = PBXVariantGroup;
			children = (
				27CFA6DB1F8A18690072DDD9 /* Base */,
			);
			name = LaunchScreen.storyboard;
			sourceTree = "<group>";
		};
		27CFA6DC1F8A18690072DDD9 /* Main.storyboard */ = {
			isa = PBXVariantGroup;
			children = (
				27CFA6DD1F8A18690072DDD9 /* Base */,
			);
			name = Main.storyboard;
			sourceTree = "<group>";
		};
		7AA18EAD1F8939400028D872 /* Main.storyboard */ = {
			isa = PBXVariantGroup;
			children = (
				7AA18EAE1F8939400028D872 /* Base */,
			);
			name = Main.storyboard;
			sourceTree = "<group>";
		};
		7AA18EB51F8939400028D872 /* LaunchScreen.storyboard */ = {
			isa = PBXVariantGroup;
			children = (
				7AA18EB61F8939400028D872 /* Base */,
			);
			name = LaunchScreen.storyboard;
			sourceTree = "<group>";
		};
/* End PBXVariantGroup section */

/* Begin XCBuildConfiguration section */
		7AA18EB91F8939400028D872 /* Debug */ = {
			isa = XCBuildConfiguration;
			buildSettings = {
				ALWAYS_SEARCH_USER_PATHS = NO;
				CLANG_ANALYZER_NONNULL = YES;
				CLANG_ANALYZER_NUMBER_OBJECT_CONVERSION = YES_AGGRESSIVE;
				CLANG_CXX_LANGUAGE_STANDARD = "gnu++14";
				CLANG_CXX_LIBRARY = "libc++";
				CLANG_ENABLE_MODULES = YES;
				CLANG_ENABLE_OBJC_ARC = YES;
				CLANG_WARN_BLOCK_CAPTURE_AUTORELEASING = YES;
				CLANG_WARN_BOOL_CONVERSION = YES;
				CLANG_WARN_COMMA = YES;
				CLANG_WARN_CONSTANT_CONVERSION = YES;
				CLANG_WARN_DIRECT_OBJC_ISA_USAGE = YES_ERROR;
				CLANG_WARN_DOCUMENTATION_COMMENTS = YES;
				CLANG_WARN_EMPTY_BODY = YES;
				CLANG_WARN_ENUM_CONVERSION = YES;
				CLANG_WARN_INFINITE_RECURSION = YES;
				CLANG_WARN_INT_CONVERSION = YES;
				CLANG_WARN_NON_LITERAL_NULL_CONVERSION = YES;
				CLANG_WARN_OBJC_LITERAL_CONVERSION = YES;
				CLANG_WARN_OBJC_ROOT_CLASS = YES_ERROR;
				CLANG_WARN_RANGE_LOOP_ANALYSIS = YES;
				CLANG_WARN_STRICT_PROTOTYPES = YES;
				CLANG_WARN_SUSPICIOUS_MOVE = YES;
				CLANG_WARN_UNGUARDED_AVAILABILITY = YES_AGGRESSIVE;
				CLANG_WARN_UNREACHABLE_CODE = YES;
				CLANG_WARN__DUPLICATE_METHOD_MATCH = YES;
				CODE_SIGN_IDENTITY = "iPhone Developer";
				COPY_PHASE_STRIP = NO;
				DEBUG_INFORMATION_FORMAT = dwarf;
				ENABLE_STRICT_OBJC_MSGSEND = YES;
				ENABLE_TESTABILITY = YES;
				GCC_C_LANGUAGE_STANDARD = gnu11;
				GCC_DYNAMIC_NO_PIC = NO;
				GCC_NO_COMMON_BLOCKS = YES;
				GCC_OPTIMIZATION_LEVEL = 0;
				GCC_PREPROCESSOR_DEFINITIONS = (
					"DEBUG=1",
					"$(inherited)",
				);
				GCC_WARN_64_TO_32_BIT_CONVERSION = YES;
				GCC_WARN_ABOUT_RETURN_TYPE = YES_ERROR;
				GCC_WARN_UNDECLARED_SELECTOR = YES;
				GCC_WARN_UNINITIALIZED_AUTOS = YES_AGGRESSIVE;
				GCC_WARN_UNUSED_FUNCTION = YES;
				GCC_WARN_UNUSED_VARIABLE = YES;
				IPHONEOS_DEPLOYMENT_TARGET = 11.0;
				MTL_ENABLE_DEBUG_INFO = YES;
				ONLY_ACTIVE_ARCH = YES;
				SDKROOT = iphoneos;
				SWIFT_ACTIVE_COMPILATION_CONDITIONS = DEBUG;
				SWIFT_OPTIMIZATION_LEVEL = "-Onone";
			};
			name = Debug;
		};
		7AA18EBA1F8939400028D872 /* Release */ = {
			isa = XCBuildConfiguration;
			buildSettings = {
				ALWAYS_SEARCH_USER_PATHS = NO;
				CLANG_ANALYZER_NONNULL = YES;
				CLANG_ANALYZER_NUMBER_OBJECT_CONVERSION = YES_AGGRESSIVE;
				CLANG_CXX_LANGUAGE_STANDARD = "gnu++14";
				CLANG_CXX_LIBRARY = "libc++";
				CLANG_ENABLE_MODULES = YES;
				CLANG_ENABLE_OBJC_ARC = YES;
				CLANG_WARN_BLOCK_CAPTURE_AUTORELEASING = YES;
				CLANG_WARN_BOOL_CONVERSION = YES;
				CLANG_WARN_COMMA = YES;
				CLANG_WARN_CONSTANT_CONVERSION = YES;
				CLANG_WARN_DIRECT_OBJC_ISA_USAGE = YES_ERROR;
				CLANG_WARN_DOCUMENTATION_COMMENTS = YES;
				CLANG_WARN_EMPTY_BODY = YES;
				CLANG_WARN_ENUM_CONVERSION = YES;
				CLANG_WARN_INFINITE_RECURSION = YES;
				CLANG_WARN_INT_CONVERSION = YES;
				CLANG_WARN_NON_LITERAL_NULL_CONVERSION = YES;
				CLANG_WARN_OBJC_LITERAL_CONVERSION = YES;
				CLANG_WARN_OBJC_ROOT_CLASS = YES_ERROR;
				CLANG_WARN_RANGE_LOOP_ANALYSIS = YES;
				CLANG_WARN_STRICT_PROTOTYPES = YES;
				CLANG_WARN_SUSPICIOUS_MOVE = YES;
				CLANG_WARN_UNGUARDED_AVAILABILITY = YES_AGGRESSIVE;
				CLANG_WARN_UNREACHABLE_CODE = YES;
				CLANG_WARN__DUPLICATE_METHOD_MATCH = YES;
				CODE_SIGN_IDENTITY = "iPhone Developer";
				COPY_PHASE_STRIP = NO;
				DEBUG_INFORMATION_FORMAT = "dwarf-with-dsym";
				ENABLE_NS_ASSERTIONS = NO;
				ENABLE_STRICT_OBJC_MSGSEND = YES;
				GCC_C_LANGUAGE_STANDARD = gnu11;
				GCC_NO_COMMON_BLOCKS = YES;
				GCC_WARN_64_TO_32_BIT_CONVERSION = YES;
				GCC_WARN_ABOUT_RETURN_TYPE = YES_ERROR;
				GCC_WARN_UNDECLARED_SELECTOR = YES;
				GCC_WARN_UNINITIALIZED_AUTOS = YES_AGGRESSIVE;
				GCC_WARN_UNUSED_FUNCTION = YES;
				GCC_WARN_UNUSED_VARIABLE = YES;
				IPHONEOS_DEPLOYMENT_TARGET = 11.0;
				MTL_ENABLE_DEBUG_INFO = NO;
				SDKROOT = iphoneos;
				SWIFT_OPTIMIZATION_LEVEL = "-Owholemodule";
				VALIDATE_PRODUCT = YES;
			};
			name = Release;
		};
		7AA18EBC1F8939400028D872 /* Debug */ = {
			isa = XCBuildConfiguration;
			buildSettings = {
				ASSETCATALOG_COMPILER_APPICON_NAME = AppIcon;
				CODE_SIGN_STYLE = Automatic;
				INFOPLIST_FILE = ToyotaAdvancedRetail/Info.plist;
				LD_RUNPATH_SEARCH_PATHS = "$(inherited) @executable_path/Frameworks";
				PRODUCT_BUNDLE_IDENTIFIER = com.madison.ToyotaAdvancedRetail;
				PRODUCT_NAME = "$(TARGET_NAME)";
				SWIFT_VERSION = 4.0;
				TARGETED_DEVICE_FAMILY = "1,2";
			};
			name = Debug;
		};
		7AA18EBD1F8939400028D872 /* Release */ = {
			isa = XCBuildConfiguration;
			buildSettings = {
				ASSETCATALOG_COMPILER_APPICON_NAME = AppIcon;
				CODE_SIGN_STYLE = Automatic;
				INFOPLIST_FILE = ToyotaAdvancedRetail/Info.plist;
				LD_RUNPATH_SEARCH_PATHS = "$(inherited) @executable_path/Frameworks";
				PRODUCT_BUNDLE_IDENTIFIER = com.madison.ToyotaAdvancedRetail;
				PRODUCT_NAME = "$(TARGET_NAME)";
				SWIFT_VERSION = 4.0;
				TARGETED_DEVICE_FAMILY = "1,2";
			};
			name = Release;
		};
/* End XCBuildConfiguration section */

/* Begin XCConfigurationList section */
		7AA18EA11F8939400028D872 /* Build configuration list for PBXProject "ToyotaAdvancedRetail" */ = {
			isa = XCConfigurationList;
			buildConfigurations = (
				7AA18EB91F8939400028D872 /* Debug */,
				7AA18EBA1F8939400028D872 /* Release */,
			);
			defaultConfigurationIsVisible = 0;
			defaultConfigurationName = Release;
		};
		7AA18EBB1F8939400028D872 /* Build configuration list for PBXNativeTarget "ToyotaAdvancedRetail" */ = {
			isa = XCConfigurationList;
			buildConfigurations = (
				7AA18EBC1F8939400028D872 /* Debug */,
				7AA18EBD1F8939400028D872 /* Release */,
			);
			defaultConfigurationIsVisible = 0;
			defaultConfigurationName = Release;
		};
/* End XCConfigurationList section */

/* Begin XCVersionGroup section */
		27CFA6E21F8A18690072DDD9 /* ToyotaAdvancedRetail.xcdatamodeld */ = {
			isa = XCVersionGroup;
			children = (
				27CFA6E31F8A18690072DDD9 /* ToyotaAdvancedRetail.xcdatamodel */,
			);
			currentVersion = 27CFA6E31F8A18690072DDD9 /* ToyotaAdvancedRetail.xcdatamodel */;
			path = ToyotaAdvancedRetail.xcdatamodeld;
			sourceTree = "<group>";
			versionGroupType = wrapper.xcdatamodel;
		};
		7AA18EB01F8939400028D872 /* ToyotaAdvancedRetail.xcdatamodeld */ = {
			isa = XCVersionGroup;
			children = (
				7AA18EB11F8939400028D872 /* ToyotaAdvancedRetail.xcdatamodel */,
			);
			currentVersion = 7AA18EB11F8939400028D872 /* ToyotaAdvancedRetail.xcdatamodel */;
			path = ToyotaAdvancedRetail.xcdatamodeld;
			sourceTree = "<group>";
			versionGroupType = wrapper.xcdatamodel;
		};
/* End XCVersionGroup section */
	};
	rootObject = 7AA18E9E1F8939400028D872 /* Project object */;
}
